
Microsoft Visual Studio Solution File, Format Version 12.00
# Visual Studio Version 17
VisualStudioVersion = 17.4.33213.308
MinimumVisualStudioVersion = 10.0.40219.1
Project("{FAE04EC0-301F-11D3-BF4B-00C04F79EFBC}") = "decebaleduard", "decebaleduard.csproj", "{6A3701F3-9338-44CD-9F7E-365C3C94151F}"
EndProject
Global
	GlobalSection(SolutionConfigurationPlatforms) = preSolution
		Debug|Any CPU = Debug|Any CPU
		Release|Any CPU = Release|Any CPU
	EndGlobalSection
	GlobalSection(ProjectConfigurationPlatforms) = postSolution
		{6A3701F3-9338-44CD-9F7E-365C3C94151F}.Debug|Any CPU.ActiveCfg = Debug|Any CPU
		{6A3701F3-9338-44CD-9F7E-365C3C94151F}.Debug|Any CPU.Build.0 = Debug|Any CPU
		{6A3701F3-9338-44CD-9F7E-365C3C94151F}.Release|Any CPU.ActiveCfg = Release|Any CPU
		{6A3701F3-9338-44CD-9F7E-365C3C94151F}.Release|Any CPU.Build.0 = Release|Any CPU
	EndGlobalSection
	GlobalSection(SolutionProperties) = preSolution
		HideSolutionNode = FALSE
	EndGlobalSection
	GlobalSection(ExtensibilityGlobals) = postSolution
		SolutionGuid = {79D76CA1-954A-49C3-9D43-3FD0DB82768E}
	EndGlobalSection
EndGlobal
